{
	"name": "workflow-prettier",
	"version": "1.0.0",
	"lockfileVersion": 3,
	"requires": true,
	"packages": {
		"": {
			"name": "workflow-prettier",
			"version": "1.0.0",
			"devDependencies": {
				"@webdevmullins/prettier-config": "^0.0.1",
				"prettier": "^3.2.4"
			}
		},
		"node_modules/@webdevmullins/prettier-config": {
			"version": "0.0.1",
			"resolved": "https://registry.npmjs.org/@webdevmullins/prettier-config/-/prettier-config-0.0.1.tgz",
			"integrity": "sha512-m5K5IFQi0tCBlqkYOJTk8KBBmgMw/Z/gSR7ax+OApZorA9OhA2VD0t7cLZ9HkXwNB8cxPnkjWUNEu7J2Gq4B0w==",
			"dev": true
		},
		"node_modules/prettier": {
			"version": "3.2.4",
			"resolved": "https://registry.npmjs.org/prettier/-/prettier-3.2.4.tgz",
			"integrity": "sha512-FWu1oLHKCrtpO1ypU6J0SbK2d9Ckwysq6bHj/uaCP26DxrPpppCLQRGVuqAxSTvhF00AcvDRyYrLNW7ocBhFFQ==",
			"dev": true,
			"bin": {
				"prettier": "bin/prettier.cjs"
			},
			"engines": {
				"node": ">=14"
			},
			"funding": {
				"url": "https://github.com/prettier/prettier?sponsor=1"
			}
		}
	}
}
